
Microsoft Visual Studio Solution File, Format Version 12.00
# Visual Studio Version 17
VisualStudioVersion = 17.11.35312.102
MinimumVisualStudioVersion = 10.0.40219.1
Project("{FAE04EC0-301F-11D3-BF4B-00C04F79EFBC}") = "Atividade 12 - Trabalho Final", "Atividade 12 - Trabalho Final\Atividade 12 - Trabalho Final.csproj", "{8F212C33-0798-4D4C-B68D-F9DFF7A18724}"
EndProject
Global
	GlobalSection(SolutionConfigurationPlatforms) = preSolution
		Debug|Any CPU = Debug|Any CPU
		Release|Any CPU = Release|Any CPU
	EndGlobalSection
	GlobalSection(ProjectConfigurationPlatforms) = postSolution
		{8F212C33-0798-4D4C-B68D-F9DFF7A18724}.Debug|Any CPU.ActiveCfg = Debug|Any CPU
		{8F212C33-0798-4D4C-B68D-F9DFF7A18724}.Debug|Any CPU.Build.0 = Debug|Any CPU
		{8F212C33-0798-4D4C-B68D-F9DFF7A18724}.Release|Any CPU.ActiveCfg = Release|Any CPU
		{8F212C33-0798-4D4C-B68D-F9DFF7A18724}.Release|Any CPU.Build.0 = Release|Any CPU
	EndGlobalSection
	GlobalSection(SolutionProperties) = preSolution
		HideSolutionNode = FALSE
	EndGlobalSection
	GlobalSection(ExtensibilityGlobals) = postSolution
		SolutionGuid = {D5D04AE6-32F6-4B38-8FA0-D5C4D73E8E8B}
	EndGlobalSection
EndGlobal
